// !$*UTF8*$!
{
	archiveVersion = 1;
	classes = {
	};
	objectVersion = 50;
	objects = {

/* Begin PBXBuildFile section */
		8313A49B2494D8C300553C11 /* AppDelegate.swift in Sources */ = {isa = PBXBuildFile; fileRef = 8313A49A2494D8C300553C11 /* AppDelegate.swift */; };
		8313A49F2494D8C300553C11 /* ViewController.swift in Sources */ = {isa = PBXBuildFile; fileRef = 8313A49E2494D8C300553C11 /* ViewController.swift */; };
		8313A4A22494D8C300553C11 /* Main.storyboard in Resources */ = {isa = PBXBuildFile; fileRef = 8313A4A02494D8C300553C11 /* Main.storyboard */; };
		8313A4A42494D8CC00553C11 /* Assets.xcassets in Resources */ = {isa = PBXBuildFile; fileRef = 8313A4A32494D8CC00553C11 /* Assets.xcassets */; };
		8313A4A72494D8CC00553C11 /* LaunchScreen.storyboard in Resources */ = {isa = PBXBuildFile; fileRef = 8313A4A52494D8CC00553C11 /* LaunchScreen.storyboard */; };
		8313A4B22494D8CC00553C11 /* PandaFarmCompanionTests.swift in Sources */ = {isa = PBXBuildFile; fileRef = 8313A4B12494D8CC00553C11 /* PandaFarmCompanionTests.swift */; };
		8313A4BD2494D8CC00553C11 /* PandaFarmCompanionUITests.swift in Sources */ = {isa = PBXBuildFile; fileRef = 8313A4BC2494D8CC00553C11 /* PandaFarmCompanionUITests.swift */; };
/* End PBXBuildFile section */

/* Begin PBXContainerItemProxy section */
		8313A4AE2494D8CC00553C11 /* PBXContainerItemProxy */ = {
			isa = PBXContainerItemProxy;
			containerPortal = 8313A48F2494D8C300553C11 /* Project object */;
			proxyType = 1;
			remoteGlobalIDString = 8313A4962494D8C300553C11;
			remoteInfo = PandaFarmCompanion;
		};
		8313A4B92494D8CC00553C11 /* PBXContainerItemProxy */ = {
			isa = PBXContainerItemProxy;
			containerPortal = 8313A48F2494D8C300553C11 /* Project object */;
			proxyType = 1;
			remoteGlobalIDString = 8313A4962494D8C300553C11;
			remoteInfo = PandaFarmCompanion;
		};
/* End PBXContainerItemProxy section */

/* Begin PBXFileReference section */
		8313A4972494D8C300553C11 /* PandaFarmCompanion.app */ = {isa = PBXFileReference; explicitFileType = wrapper.application; includeInIndex = 0; path = PandaFarmCompanion.app; sourceTree = BUILT_PRODUCTS_DIR; };
		8313A49A2494D8C300553C11 /* AppDelegate.swift */ = {isa = PBXFileReference; lastKnownFileType = sourcecode.swift; path = AppDelegate.swift; sourceTree = "<group>"; };
		8313A49E2494D8C300553C11 /* ViewController.swift */ = {isa = PBXFileReference; lastKnownFileType = sourcecode.swift; path = ViewController.swift; sourceTree = "<group>"; };
		8313A4A12494D8C300553C11 /* Base */ = {isa = PBXFileReference; lastKnownFileType = file.storyboard; name = Base; path = Base.lproj/Main.storyboard; sourceTree = "<group>"; };
		8313A4A32494D8CC00553C11 /* Assets.xcassets */ = {isa = PBXFileReference; lastKnownFileType = folder.assetcatalog; path = Assets.xcassets; sourceTree = "<group>"; };
		8313A4A62494D8CC00553C11 /* Base */ = {isa = PBXFileReference; lastKnownFileType = file.storyboard; name = Base; path = Base.lproj/LaunchScreen.storyboard; sourceTree = "<group>"; };
		8313A4A82494D8CC00553C11 /* Info.plist */ = {isa = PBXFileReference; lastKnownFileType = text.plist.xml; path = Info.plist; sourceTree = "<group>"; };
		8313A4AD2494D8CC00553C11 /* PandaFarmCompanionTests.xctest */ = {isa = PBXFileReference; explicitFileType = wrapper.cfbundle; includeInIndex = 0; path = PandaFarmCompanionTests.xctest; sourceTree = BUILT_PRODUCTS_DIR; };
		8313A4B12494D8CC00553C11 /* PandaFarmCompanionTests.swift */ = {isa = PBXFileReference; lastKnownFileType = sourcecode.swift; path = PandaFarmCompanionTests.swift; sourceTree = "<group>"; };
		8313A4B32494D8CC00553C11 /* Info.plist */ = {isa = PBXFileReference; lastKnownFileType = text.plist.xml; path = Info.plist; sourceTree = "<group>"; };
		8313A4B82494D8CC00553C11 /* PandaFarmCompanionUITests.xctest */ = {isa = PBXFileReference; explicitFileType = wrapper.cfbundle; includeInIndex = 0; path = PandaFarmCompanionUITests.xctest; sourceTree = BUILT_PRODUCTS_DIR; };
		8313A4BC2494D8CC00553C11 /* PandaFarmCompanionUITests.swift */ = {isa = PBXFileReference; lastKnownFileType = sourcecode.swift; path = PandaFarmCompanionUITests.swift; sourceTree = "<group>"; };
		8313A4BE2494D8CC00553C11 /* Info.plist */ = {isa = PBXFileReference; lastKnownFileType = text.plist.xml; path = Info.plist; sourceTree = "<group>"; };
/* End PBXFileReference section */

/* Begin PBXFrameworksBuildPhase section */
		8313A4942494D8C300553C11 /* Frameworks */ = {
			isa = PBXFrameworksBuildPhase;
			buildActionMask = 2147483647;
			files = (
			);
			runOnlyForDeploymentPostprocessing = 0;
		};
		8313A4AA2494D8CC00553C11 /* Frameworks */ = {
			isa = PBXFrameworksBuildPhase;
			buildActionMask = 2147483647;
			files = (
			);
			runOnlyForDeploymentPostprocessing = 0;
		};
		8313A4B52494D8CC00553C11 /* Frameworks */ = {
			isa = PBXFrameworksBuildPhase;
			buildActionMask = 2147483647;
			files = (
			);
			runOnlyForDeploymentPostprocessing = 0;
		};
/* End PBXFrameworksBuildPhase section */

/* Begin PBXGroup section */
		8313A48E2494D8C300553C11 = {
			isa = PBXGroup;
			children = (
				8313A4992494D8C300553C11 /* PandaFarmCompanion */,
				8313A4B02494D8CC00553C11 /* PandaFarmCompanionTests */,
				8313A4BB2494D8CC00553C11 /* PandaFarmCompanionUITests */,
				8313A4982494D8C300553C11 /* Products */,
			);
			sourceTree = "<group>";
		};
		8313A4982494D8C300553C11 /* Products */ = {
			isa = PBXGroup;
			children = (
				8313A4972494D8C300553C11 /* PandaFarmCompanion.app */,
				8313A4AD2494D8CC00553C11 /* PandaFarmCompanionTests.xctest */,
				8313A4B82494D8CC00553C11 /* PandaFarmCompanionUITests.xctest */,
			);
			name = Products;
			sourceTree = "<group>";
		};
		8313A4992494D8C300553C11 /* PandaFarmCompanion */ = {
			isa = PBXGroup;
			children = (
				8313A49A2494D8C300553C11 /* AppDelegate.swift */,
				8313A49E2494D8C300553C11 /* ViewController.swift */,
				8313A4A02494D8C300553C11 /* Main.storyboard */,
				8313A4A32494D8CC00553C11 /* Assets.xcassets */,
				8313A4A52494D8CC00553C11 /* LaunchScreen.storyboard */,
				8313A4A82494D8CC00553C11 /* Info.plist */,
			);
			path = PandaFarmCompanion;
			sourceTree = "<group>";
		};
		8313A4B02494D8CC00553C11 /* PandaFarmCompanionTests */ = {
			isa = PBXGroup;
			children = (
				8313A4B12494D8CC00553C11 /* PandaFarmCompanionTests.swift */,
				8313A4B32494D8CC00553C11 /* Info.plist */,
			);
			path = PandaFarmCompanionTests;
			sourceTree = "<group>";
		};
		8313A4BB2494D8CC00553C11 /* PandaFarmCompanionUITests */ = {
			isa = PBXGroup;
			children = (
				8313A4BC2494D8CC00553C11 /* PandaFarmCompanionUITests.swift */,
				8313A4BE2494D8CC00553C11 /* Info.plist */,
			);
			path = PandaFarmCompanionUITests;
			sourceTree = "<group>";
		};
/* End PBXGroup section */

/* Begin PBXNativeTarget section */
		8313A4962494D8C300553C11 /* PandaFarmCompanion */ = {
			isa = PBXNativeTarget;
			buildConfigurationList = 8313A4C12494D8CC00553C11 /* Build configuration list for PBXNativeTarget "PandaFarmCompanion" */;
			buildPhases = (
				8313A4932494D8C300553C11 /* Sources */,
				8313A4942494D8C300553C11 /* Frameworks */,
				8313A4952494D8C300553C11 /* Resources */,
			);
			buildRules = (
			);
			dependencies = (
			);
			name = PandaFarmCompanion;
			productName = PandaFarmCompanion;
			productReference = 8313A4972494D8C300553C11 /* PandaFarmCompanion.app */;
			productType = "com.apple.product-type.application";
		};
		8313A4AC2494D8CC00553C11 /* PandaFarmCompanionTests */ = {
			isa = PBXNativeTarget;
			buildConfigurationList = 8313A4C42494D8CC00553C11 /* Build configuration list for PBXNativeTarget "PandaFarmCompanionTests" */;
			buildPhases = (
				8313A4A92494D8CC00553C11 /* Sources */,
				8313A4AA2494D8CC00553C11 /* Frameworks */,
				8313A4AB2494D8CC00553C11 /* Resources */,
			);
			buildRules = (
			);
			dependencies = (
				8313A4AF2494D8CC00553C11 /* PBXTargetDependency */,
			);
			name = PandaFarmCompanionTests;
			productName = PandaFarmCompanionTests;
			productReference = 8313A4AD2494D8CC00553C11 /* PandaFarmCompanionTests.xctest */;
			productType = "com.apple.product-type.bundle.unit-test";
		};
		8313A4B72494D8CC00553C11 /* PandaFarmCompanionUITests */ = {
			isa = PBXNativeTarget;
			buildConfigurationList = 8313A4C72494D8CC00553C11 /* Build configuration list for PBXNativeTarget "PandaFarmCompanionUITests" */;
			buildPhases = (
				8313A4B42494D8CC00553C11 /* Sources */,
				8313A4B52494D8CC00553C11 /* Frameworks */,
				8313A4B62494D8CC00553C11 /* Resources */,
			);
			buildRules = (
			);
			dependencies = (
				8313A4BA2494D8CC00553C11 /* PBXTargetDependency */,
			);
			name = PandaFarmCompanionUITests;
			productName = PandaFarmCompanionUITests;
			productReference = 8313A4B82494D8CC00553C11 /* PandaFarmCompanionUITests.xctest */;
			productType = "com.apple.product-type.bundle.ui-testing";
		};
/* End PBXNativeTarget section */

/* Begin PBXProject section */
		8313A48F2494D8C300553C11 /* Project object */ = {
			isa = PBXProject;
			attributes = {
				LastSwiftUpdateCheck = 1150;
				LastUpgradeCheck = 1150;
				ORGANIZATIONNAME = Chris78;
				TargetAttributes = {
					8313A4962494D8C300553C11 = {
						CreatedOnToolsVersion = 11.5;
					};
					8313A4AC2494D8CC00553C11 = {
						CreatedOnToolsVersion = 11.5;
						TestTargetID = 8313A4962494D8C300553C11;
					};
					8313A4B72494D8CC00553C11 = {
						CreatedOnToolsVersion = 11.5;
						TestTargetID = 8313A4962494D8C300553C11;
					};
				};
			};
			buildConfigurationList = 8313A4922494D8C300553C11 /* Build configuration list for PBXProject "PandaFarmCompanion" */;
			compatibilityVersion = "Xcode 9.3";
			developmentRegion = en;
			hasScannedForEncodings = 0;
			knownRegions = (
				en,
				Base,
			);
			mainGroup = 8313A48E2494D8C300553C11;
			productRefGroup = 8313A4982494D8C300553C11 /* Products */;
			projectDirPath = "";
			projectRoot = "";
			targets = (
				8313A4962494D8C300553C11 /* PandaFarmCompanion */,
				8313A4AC2494D8CC00553C11 /* PandaFarmCompanionTests */,
				8313A4B72494D8CC00553C11 /* PandaFarmCompanionUITests */,
			);
		};
/* End PBXProject section */

/* Begin PBXResourcesBuildPhase section */
		8313A4952494D8C300553C11 /* Resources */ = {
			isa = PBXResourcesBuildPhase;
			buildActionMask = 2147483647;
			files = (
				8313A4A72494D8CC00553C11 /* LaunchScreen.storyboard in Resources */,
				8313A4A42494D8CC00553C11 /* Assets.xcassets in Resources */,
				8313A4A22494D8C300553C11 /* Main.storyboard in Resources */,
			);
			runOnlyForDeploymentPostprocessing = 0;
		};
		8313A4AB2494D8CC00553C11 /* Resources */ = {
			isa = PBXResourcesBuildPhase;
			buildActionMask = 2147483647;
			files = (
			);
			runOnlyForDeploymentPostprocessing = 0;
		};
		8313A4B62494D8CC00553C11 /* Resources */ = {
			isa = PBXResourcesBuildPhase;
			buildActionMask = 2147483647;
			files = (
			);
			runOnlyForDeploymentPostprocessing = 0;
		};
/* End PBXResourcesBuildPhase section */

/* Begin PBXSourcesBuildPhase section */
		8313A4932494D8C300553C11 /* Sources */ = {
			isa = PBXSourcesBuildPhase;
			buildActionMask = 2147483647;
			files = (
				8313A49F2494D8C300553C11 /* ViewController.swift in Sources */,
				8313A49B2494D8C300553C11 /* AppDelegate.swift in Sources */,
			);
			runOnlyForDeploymentPostprocessing = 0;
		};
		8313A4A92494D8CC00553C11 /* Sources */ = {
			isa = PBXSourcesBuildPhase;
			buildActionMask = 2147483647;
			files = (
				8313A4B22494D8CC00553C11 /* PandaFarmCompanionTests.swift in Sources */,
			);
			runOnlyForDeploymentPostprocessing = 0;
		};
		8313A4B42494D8CC00553C11 /* Sources */ = {
			isa = PBXSourcesBuildPhase;
			buildActionMask = 2147483647;
			files = (
				8313A4BD2494D8CC00553C11 /* PandaFarmCompanionUITests.swift in Sources */,
			);
			runOnlyForDeploymentPostprocessing = 0;
		};
/* End PBXSourcesBuildPhase section */

/* Begin PBXTargetDependency section */
		8313A4AF2494D8CC00553C11 /* PBXTargetDependency */ = {
			isa = PBXTargetDependency;
			target = 8313A4962494D8C300553C11 /* PandaFarmCompanion */;
			targetProxy = 8313A4AE2494D8CC00553C11 /* PBXContainerItemProxy */;
		};
		8313A4BA2494D8CC00553C11 /* PBXTargetDependency */ = {
			isa = PBXTargetDependency;
			target = 8313A4962494D8C300553C11 /* PandaFarmCompanion */;
			targetProxy = 8313A4B92494D8CC00553C11 /* PBXContainerItemProxy */;
		};
/* End PBXTargetDependency section */

/* Begin PBXVariantGroup section */
		8313A4A02494D8C300553C11 /* Main.storyboard */ = {
			isa = PBXVariantGroup;
			children = (
				8313A4A12494D8C300553C11 /* Base */,
			);
			name = Main.storyboard;
			sourceTree = "<group>";
		};
		8313A4A52494D8CC00553C11 /* LaunchScreen.storyboard */ = {
			isa = PBXVariantGroup;
			children = (
				8313A4A62494D8CC00553C11 /* Base */,
			);
			name = LaunchScreen.storyboard;
			sourceTree = "<group>";
		};
/* End PBXVariantGroup section */

/* Begin XCBuildConfiguration section */
		8313A4BF2494D8CC00553C11 /* Debug */ = {
			isa = XCBuildConfiguration;
			buildSettings = {
				ALWAYS_SEARCH_USER_PATHS = NO;
				CLANG_ANALYZER_NONNULL = YES;
				CLANG_ANALYZER_NUMBER_OBJECT_CONVERSION = YES_AGGRESSIVE;
				CLANG_CXX_LANGUAGE_STANDARD = "gnu++14";
				CLANG_CXX_LIBRARY = "libc++";
				CLANG_ENABLE_MODULES = YES;
				CLANG_ENABLE_OBJC_ARC = YES;
				CLANG_ENABLE_OBJC_WEAK = YES;
				CLANG_WARN_BLOCK_CAPTURE_AUTORELEASING = YES;
				CLANG_WARN_BOOL_CONVERSION = YES;
				CLANG_WARN_COMMA = YES;
				CLANG_WARN_CONSTANT_CONVERSION = YES;
				CLANG_WARN_DEPRECATED_OBJC_IMPLEMENTATIONS = YES;
				CLANG_WARN_DIRECT_OBJC_ISA_USAGE = YES_ERROR;
				CLANG_WARN_DOCUMENTATION_COMMENTS = YES;
				CLANG_WARN_EMPTY_BODY = YES;
				CLANG_WARN_ENUM_CONVERSION = YES;
				CLANG_WARN_INFINITE_RECURSION = YES;
				CLANG_WARN_INT_CONVERSION = YES;
				CLANG_WARN_NON_LITERAL_NULL_CONVERSION = YES;
				CLANG_WARN_OBJC_IMPLICIT_RETAIN_SELF = YES;
				CLANG_WARN_OBJC_LITERAL_CONVERSION = YES;
				CLANG_WARN_OBJC_ROOT_CLASS = YES_ERROR;
				CLANG_WARN_RANGE_LOOP_ANALYSIS = YES;
				CLANG_WARN_STRICT_PROTOTYPES = YES;
				CLANG_WARN_SUSPICIOUS_MOVE = YES;
				CLANG_WARN_UNGUARDED_AVAILABILITY = YES_AGGRESSIVE;
				CLANG_WARN_UNREACHABLE_CODE = YES;
				CLANG_WARN__DUPLICATE_METHOD_MATCH = YES;
				COPY_PHASE_STRIP = NO;
				DEBUG_INFORMATION_FORMAT = dwarf;
				ENABLE_STRICT_OBJC_MSGSEND = YES;
				ENABLE_TESTABILITY = YES;
				GCC_C_LANGUAGE_STANDARD = gnu11;
				GCC_DYNAMIC_NO_PIC = NO;
				GCC_NO_COMMON_BLOCKS = YES;
				GCC_OPTIMIZATION_LEVEL = 0;
				GCC_PREPROCESSOR_DEFINITIONS = (
					"DEBUG=1",
					"$(inherited)",
				);
				GCC_WARN_64_TO_32_BIT_CONVERSION = YES;
				GCC_WARN_ABOUT_RETURN_TYPE = YES_ERROR;
				GCC_WARN_UNDECLARED_SELECTOR = YES;
				GCC_WARN_UNINITIALIZED_AUTOS = YES_AGGRESSIVE;
				GCC_WARN_UNUSED_FUNCTION = YES;
				GCC_WARN_UNUSED_VARIABLE = YES;
				IPHONEOS_DEPLOYMENT_TARGET = 12.4;
				MTL_ENABLE_DEBUG_INFO = INCLUDE_SOURCE;
				MTL_FAST_MATH = YES;
				ONLY_ACTIVE_ARCH = YES;
				SDKROOT = iphoneos;
				SWIFT_ACTIVE_COMPILATION_CONDITIONS = DEBUG;
				SWIFT_OPTIMIZATION_LEVEL = "-Onone";
			};
			name = Debug;
		};
		8313A4C02494D8CC00553C11 /* Release */ = {
			isa = XCBuildConfiguration;
			buildSettings = {
				ALWAYS_SEARCH_USER_PATHS = NO;
				CLANG_ANALYZER_NONNULL = YES;
				CLANG_ANALYZER_NUMBER_OBJECT_CONVERSION = YES_AGGRESSIVE;
				CLANG_CXX_LANGUAGE_STANDARD = "gnu++14";
				CLANG_CXX_LIBRARY = "libc++";
				CLANG_ENABLE_MODULES = YES;
				CLANG_ENABLE_OBJC_ARC = YES;
				CLANG_ENABLE_OBJC_WEAK = YES;
				CLANG_WARN_BLOCK_CAPTURE_AUTORELEASING = YES;
				CLANG_WARN_BOOL_CONVERSION = YES;
				CLANG_WARN_COMMA = YES;
				CLANG_WARN_CONSTANT_CONVERSION = YES;
				CLANG_WARN_DEPRECATED_OBJC_IMPLEMENTATIONS = YES;
				CLANG_WARN_DIRECT_OBJC_ISA_USAGE = YES_ERROR;
				CLANG_WARN_DOCUMENTATION_COMMENTS = YES;
				CLANG_WARN_EMPTY_BODY = YES;
				CLANG_WARN_ENUM_CONVERSION = YES;
				CLANG_WARN_INFINITE_RECURSION = YES;
				CLANG_WARN_INT_CONVERSION = YES;
				CLANG_WARN_NON_LITERAL_NULL_CONVERSION = YES;
				CLANG_WARN_OBJC_IMPLICIT_RETAIN_SELF = YES;
				CLANG_WARN_OBJC_LITERAL_CONVERSION = YES;
				CLANG_WARN_OBJC_ROOT_CLASS = YES_ERROR;
				CLANG_WARN_RANGE_LOOP_ANALYSIS = YES;
				CLANG_WARN_STRICT_PROTOTYPES = YES;
				CLANG_WARN_SUSPICIOUS_MOVE = YES;
				CLANG_WARN_UNGUARDED_AVAILABILITY = YES_AGGRESSIVE;
				CLANG_WARN_UNREACHABLE_CODE = YES;
				CLANG_WARN__DUPLICATE_METHOD_MATCH = YES;
				COPY_PHASE_STRIP = NO;
				DEBUG_INFORMATION_FORMAT = "dwarf-with-dsym";
				ENABLE_NS_ASSERTIONS = NO;
				ENABLE_STRICT_OBJC_MSGSEND = YES;
				GCC_C_LANGUAGE_STANDARD = gnu11;
				GCC_NO_COMMON_BLOCKS = YES;
				GCC_WARN_64_TO_32_BIT_CONVERSION = YES;
				GCC_WARN_ABOUT_RETURN_TYPE = YES_ERROR;
				GCC_WARN_UNDECLARED_SELECTOR = YES;
				GCC_WARN_UNINITIALIZED_AUTOS = YES_AGGRESSIVE;
				GCC_WARN_UNUSED_FUNCTION = YES;
				GCC_WARN_UNUSED_VARIABLE = YES;
				IPHONEOS_DEPLOYMENT_TARGET = 12.4;
				MTL_ENABLE_DEBUG_INFO = NO;
				MTL_FAST_MATH = YES;
				SDKROOT = iphoneos;
				SWIFT_COMPILATION_MODE = wholemodule;
				SWIFT_OPTIMIZATION_LEVEL = "-O";
				VALIDATE_PRODUCT = YES;
			};
			name = Release;
		};
		8313A4C22494D8CC00553C11 /* Debug */ = {
			isa = XCBuildConfiguration;
			buildSettings = {
				ASSETCATALOG_COMPILER_APPICON_NAME = AppIcon;
				CODE_SIGN_STYLE = Automatic;
				DEVELOPMENT_TEAM = 52VZ9Z6M3Y;
				INFOPLIST_FILE = PandaFarmCompanion/Info.plist;
				LD_RUNPATH_SEARCH_PATHS = (
					"$(inherited)",
					"@executable_path/Frameworks",
				);
				PRODUCT_BUNDLE_IDENTIFIER = com.chris78..WebDriverAgentRunner;
				PRODUCT_NAME = "$(TARGET_NAME)";
				SWIFT_VERSION = 5.0;
				TARGETED_DEVICE_FAMILY = "1,2";
			};
			name = Debug;
		};
		8313A4C32494D8CC00553C11 /* Release */ = {
			isa = XCBuildConfiguration;
			buildSettings = {
				ASSETCATALOG_COMPILER_APPICON_NAME = AppIcon;
				CODE_SIGN_STYLE = Automatic;
				DEVELOPMENT_TEAM = 52VZ9Z6M3Y;
				INFOPLIST_FILE = PandaFarmCompanion/Info.plist;
				LD_RUNPATH_SEARCH_PATHS = (
					"$(inherited)",
					"@executable_path/Frameworks",
				);
				PRODUCT_BUNDLE_IDENTIFIER = com.chris78..WebDriverAgentRunner;
				PRODUCT_NAME = "$(TARGET_NAME)";
				SWIFT_VERSION = 5.0;
				TARGETED_DEVICE_FAMILY = "1,2";
			};
			name = Release;
		};
		8313A4C52494D8CC00553C11 /* Debug */ = {
			isa = XCBuildConfiguration;
			buildSettings = {
				ALWAYS_EMBED_SWIFT_STANDARD_LIBRARIES = YES;
				BUNDLE_LOADER = "$(TEST_HOST)";
				CODE_SIGN_STYLE = Automatic;
				DEVELOPMENT_TEAM = 52VZ9Z6M3Y;
				INFOPLIST_FILE = PandaFarmCompanionTests/Info.plist;
				IPHONEOS_DEPLOYMENT_TARGET = 13.5;
				LD_RUNPATH_SEARCH_PATHS = (
					"$(inherited)",
					"@executable_path/Frameworks",
					"@loader_path/Frameworks",
				);
				PRODUCT_BUNDLE_IDENTIFIER = Chris78.PandaFarmCompanionTests;
				PRODUCT_NAME = "$(TARGET_NAME)";
				SWIFT_VERSION = 5.0;
				TARGETED_DEVICE_FAMILY = "1,2";
				TEST_HOST = "$(BUILT_PRODUCTS_DIR)/PandaFarmCompanion.app/PandaFarmCompanion";
			};
			name = Debug;
		};
		8313A4C62494D8CC00553C11 /* Release */ = {
			isa = XCBuildConfiguration;
			buildSettings = {
				ALWAYS_EMBED_SWIFT_STANDARD_LIBRARIES = YES;
				BUNDLE_LOADER = "$(TEST_HOST)";
				CODE_SIGN_STYLE = Automatic;
				DEVELOPMENT_TEAM = 52VZ9Z6M3Y;
				INFOPLIST_FILE = PandaFarmCompanionTests/Info.plist;
				IPHONEOS_DEPLOYMENT_TARGET = 13.5;
				LD_RUNPATH_SEARCH_PATHS = (
					"$(inherited)",
					"@executable_path/Frameworks",
					"@loader_path/Frameworks",
				);
				PRODUCT_BUNDLE_IDENTIFIER = Chris78.PandaFarmCompanionTests;
				PRODUCT_NAME = "$(TARGET_NAME)";
				SWIFT_VERSION = 5.0;
				TARGETED_DEVICE_FAMILY = "1,2";
				TEST_HOST = "$(BUILT_PRODUCTS_DIR)/PandaFarmCompanion.app/PandaFarmCompanion";
			};
			name = Release;
		};
		8313A4C82494D8CC00553C11 /* Debug */ = {
			isa = XCBuildConfiguration;
			buildSettings = {
				ALWAYS_EMBED_SWIFT_STANDARD_LIBRARIES = YES;
				CODE_SIGN_STYLE = Automatic;
				DEVELOPMENT_TEAM = 52VZ9Z6M3Y;
				INFOPLIST_FILE = PandaFarmCompanionUITests/Info.plist;
				LD_RUNPATH_SEARCH_PATHS = (
					"$(inherited)",
					"@executable_path/Frameworks",
					"@loader_path/Frameworks",
				);
				PRODUCT_BUNDLE_IDENTIFIER = Chris78.PandaFarmCompanionUITests;
				PRODUCT_NAME = "$(TARGET_NAME)";
				SWIFT_VERSION = 5.0;
				TARGETED_DEVICE_FAMILY = "1,2";
				TEST_TARGET_NAME = PandaFarmCompanion;
			};
			name = Debug;
		};
		8313A4C92494D8CC00553C11 /* Release */ = {
			isa = XCBuildConfiguration;
			buildSettings = {
				ALWAYS_EMBED_SWIFT_STANDARD_LIBRARIES = YES;
				CODE_SIGN_STYLE = Automatic;
				DEVELOPMENT_TEAM = 52VZ9Z6M3Y;
				INFOPLIST_FILE = PandaFarmCompanionUITests/Info.plist;
				LD_RUNPATH_SEARCH_PATHS = (
					"$(inherited)",
					"@executable_path/Frameworks",
					"@loader_path/Frameworks",
				);
				PRODUCT_BUNDLE_IDENTIFIER = Chris78.PandaFarmCompanionUITests;
				PRODUCT_NAME = "$(TARGET_NAME)";
				SWIFT_VERSION = 5.0;
				TARGETED_DEVICE_FAMILY = "1,2";
				TEST_TARGET_NAME = PandaFarmCompanion;
			};
			name = Release;
		};
/* End XCBuildConfiguration section */

/* Begin XCConfigurationList section */
		8313A4922494D8C300553C11 /* Build configuration list for PBXProject "PandaFarmCompanion" */ = {
			isa = XCConfigurationList;
			buildConfigurations = (
				8313A4BF2494D8CC00553C11 /* Debug */,
				8313A4C02494D8CC00553C11 /* Release */,
			);
			defaultConfigurationIsVisible = 0;
			defaultConfigurationName = Release;
		};
		8313A4C12494D8CC00553C11 /* Build configuration list for PBXNativeTarget "PandaFarmCompanion" */ = {
			isa = XCConfigurationList;
			buildConfigurations = (
				8313A4C22494D8CC00553C11 /* Debug */,
				8313A4C32494D8CC00553C11 /* Release */,
			);
			defaultConfigurationIsVisible = 0;
			defaultConfigurationName = Release;
		};
		8313A4C42494D8CC00553C11 /* Build configuration list for PBXNativeTarget "PandaFarmCompanionTests" */ = {
			isa = XCConfigurationList;
			buildConfigurations = (
				8313A4C52494D8CC00553C11 /* Debug */,
				8313A4C62494D8CC00553C11 /* Release */,
			);
			defaultConfigurationIsVisible = 0;
			defaultConfigurationName = Release;
		};
		8313A4C72494D8CC00553C11 /* Build configuration list for PBXNativeTarget "PandaFarmCompanionUITests" */ = {
			isa = XCConfigurationList;
			buildConfigurations = (
				8313A4C82494D8CC00553C11 /* Debug */,
				8313A4C92494D8CC00553C11 /* Release */,
			);
			defaultConfigurationIsVisible = 0;
			defaultConfigurationName = Release;
		};
/* End XCConfigurationList section */
	};
	rootObject = 8313A48F2494D8C300553C11 /* Project object */;
}
